{
  "name": "prompts",
  "version": "0.1.0",
  "lockfileVersion": 3,
  "requires": true,
  "packages": {
    "": {
      "name": "prompts",
      "version": "0.1.0",
      "dependencies": {
        "behavior3": "^1.3.0"
      }
    },
    "node_modules/behavior3": {
      "version": "1.3.0",
      "resolved": "https://registry.npmjs.org/behavior3/-/behavior3-1.3.0.tgz",
      "integrity": "sha512-Bwvd1L9lFISe2jC5PTTQqiSzBE/1CKSJIhy1wNxfL019lulwRrFyIEdTIR5BAiXHMTyGP5SrFsh2e8MQIpfhsw==",
      "license": "MIT"
    }
  }
}
